PATH
  remote: gems
  specs:
    gemstack (0.3.3)
      bigdecimal (>= 3.1)
      erubi (~> 1.13)
      gemstack-cli (= 0.3.3)
      json (>= 2.10)
      mail (~> 2.9)
      puma (>= 6.4)
      rack (~> 3.1)
      sequel (~> 5.80)
      thor (~> 1.3)
      zeitwerk (~> 2.6)
    gemstack-auth (0.3.3)
      argon2 (~> 2.3)
      gemstack (= 0.3.3)
    gemstack-cli (0.3.3)
    gemstack-realtime (0.3.3)
      gemstack (= 0.3.3)
      nio4r (~> 2.7)

GEM
  remote: https://rubygems.org/
  specs:
    argon2 (2.3.3)
      ffi (~> 1.15)
      ffi-compiler (~> 1.0)
    ast (2.4.3)
    aws-eventstream (1.4.0)
    aws-partitions (1.1290.0)
    aws-sdk-core (3.257.0)
      aws-eventstream (~> 1, >= 1.3.0)
      aws-partitions (~> 1, >= 1.992.0)
      aws-sigv4 (~> 1.9)
      base64
      bigdecimal
      jmespath (~> 1, >= 1.6.1)
      logger
      rexml (~> 3.4, >= 3.4.2)
    aws-sdk-kms (1.132.0)
      aws-sdk-core (~> 3, >= 3.256.0)
      aws-sigv4 (~> 1.5)
    aws-sdk-s3 (1.232.3)
      aws-sdk-core (~> 3, >= 3.256.0)
      aws-sdk-kms (~> 1)
      aws-sigv4 (~> 1.5)
    aws-sigv4 (1.12.1)
      aws-eventstream (~> 1, >= 1.0.2)
    base64 (0.3.0)
    bcrypt (3.1.22)
    benchmark (0.5.0)
    bigdecimal (4.0.1)
    brotli (0.8.0)
    connection_pool (3.0.2)
    date (3.5.1)
    erubi (1.13.1)
    ffi (1.17.4)
    ffi-compiler (1.4.2)
      ffi (>= 1.15.5)
      rake
    jmespath (1.6.2)
    json (3.0.2)
    language_server-protocol (3.17.0.5)
    lint_roller (1.1.0)
    logger (1.7.0)
    mail (2.9.1)
      logger
      mini_mime (>= 0.1.1)
      net-imap
      net-pop
      net-smtp
    mini_mime (1.1.5)
    mini_portile2 (2.8.9)
    minitest (5.26.1)
    mysql2 (0.5.7)
      bigdecimal
    net-imap (0.6.7)
      date
      net-protocol
    net-pop (0.1.2)
      net-protocol
    net-protocol (0.4.0)
      timeout
    net-smtp (0.5.1)
      net-protocol
    nio4r (2.7.5)
    oj (3.16.10)
      bigdecimal (>= 3.0)
      ostruct (>= 0.2)
    ostruct (0.6.3)
    parallel (1.27.0)
    parser (3.3.10.1)
      ast (~> 2.4.1)
      racc
    pg (1.6.3)
    prism (1.9.0)
    puma (7.2.0)
      nio4r (~> 2.0)
    racc (1.8.1)
    rack (3.2.4)
    rack-test (2.2.0)
      rack (>= 1.3)
    rainbow (3.1.1)
    rake (13.3.1)
    redis-client (0.30.1)
      connection_pool
    regexp_parser (2.11.3)
    rexml (3.4.4)
    rubocop (1.91.0)
      json (>= 2.3)
      language_server-protocol (~> 3.17.0.2)
      lint_roller (~> 1.1.0)
      parallel (>= 1.10)
      parser (>= 3.3.0.2)
      rainbow (>= 2.2.2, < 4.0)
      regexp_parser (>= 2.9.3, < 3.0)
      rubocop-ast (>= 1.49.0, < 2.0)
      ruby-progressbar (~> 1.7)
      unicode-display_width (>= 2.4.0, < 4.0)
    rubocop-ast (1.49.0)
      parser (>= 3.3.7.2)
      prism (~> 1.7)
    ruby-progressbar (1.13.0)
    sequel (5.108.0)
      bigdecimal
    sidekiq (8.1.7)
      connection_pool (>= 3.0.0)
      json (>= 2.16.0)
      logger (>= 1.7.0)
      rack (>= 3.2.0)
      redis-client (>= 0.29.0)
    sqlite3 (2.9.6)
      mini_portile2 (~> 2.8.0)
    thor (1.5.0)
    timeout (0.6.1)
    trilogy (2.13.0)
      bigdecimal
    unicode-display_width (3.2.0)
      unicode-emoji (~> 4.1)
    unicode-emoji (4.2.0)
    zeitwerk (2.7.4)

PLATFORMS
  ruby

DEPENDENCIES
  argon2 (~> 2.3)
  aws-sdk-s3 (~> 1.232)
  bcrypt (~> 3.1)
  benchmark
  brotli (~> 0.8)
  gemstack!
  gemstack-auth!
  gemstack-cli!
  gemstack-realtime!
  minitest (~> 5.25)
  mysql2 (~> 0.5)
  oj (~> 3.16)
  pg (~> 1.5)
  rack-test (~> 2.2)
  rake (~> 13.0)
  redis-client (~> 0.25)
  rubocop (~> 1.81)
  sidekiq (~> 8.1)
  sqlite3 (~> 2.0)
  trilogy (~> 2.9)

BUNDLED WITH
   2.7.1
